// !$*UTF8*$!
{
	archiveVersion = 1;
	classes = {
	};
	objectVersion = 56;
	objects = {

/* Begin PBXBuildFile section */
		1603ABA928994AE100827F8C /* main.swift in Sources */ = {isa = PBXBuildFile; fileRef = 1603ABA828994AE100827F8C /* main.swift */; };
		1603ABB228994C8100827F8C /* 217ContainsDuplicate.swift in Sources */ = {isa = PBXBuildFile; fileRef = 1603ABB128994C8100827F8C /* 217ContainsDuplicate.swift */; };
		1603ABB428994CD300827F8C /* Executable.swift in Sources */ = {isa = PBXBuildFile; fileRef = 1603ABB328994CD300827F8C /* Executable.swift */; };
		1603ABB62899558400827F8C /* 242ValidAnagram.swift in Sources */ = {isa = PBXBuildFile; fileRef = 1603ABB52899558400827F8C /* 242ValidAnagram.swift */; };
		1603ABB82899595A00827F8C /* Helper.swift in Sources */ = {isa = PBXBuildFile; fileRef = 1603ABB72899595A00827F8C /* Helper.swift */; };
		16FE1441290FF85B00F555BD /* HashMap.swift in Sources */ = {isa = PBXBuildFile; fileRef = 16FE1440290FF85B00F555BD /* HashMap.swift */; };
		16FE14432910686F00F555BD /* FirstRecurringCharacter.swift in Sources */ = {isa = PBXBuildFile; fileRef = 16FE14422910686F00F555BD /* FirstRecurringCharacter.swift */; };
/* End PBXBuildFile section */

/* Begin PBXCopyFilesBuildPhase section */
		1603ABA328994AE100827F8C /* CopyFiles */ = {
			isa = PBXCopyFilesBuildPhase;
			buildActionMask = 2147483647;
			dstPath = /usr/share/man/man1/;
			dstSubfolderSpec = 0;
			files = (
			);
			runOnlyForDeploymentPostprocessing = 1;
		};
/* End PBXCopyFilesBuildPhase section */

/* Begin PBXFileReference section */
		1603ABA528994AE100827F8C /* Algorithms */ = {isa = PBXFileReference; explicitFileType = "compiled.mach-o.executable"; includeInIndex = 0; path = Algorithms; sourceTree = BUILT_PRODUCTS_DIR; };
		1603ABA828994AE100827F8C /* main.swift */ = {isa = PBXFileReference; lastKnownFileType = sourcecode.swift; path = main.swift; sourceTree = "<group>"; };
		1603ABB128994C8100827F8C /* 217ContainsDuplicate.swift */ = {isa = PBXFileReference; lastKnownFileType = sourcecode.swift; path = 217ContainsDuplicate.swift; sourceTree = "<group>"; };
		1603ABB328994CD300827F8C /* Executable.swift */ = {isa = PBXFileReference; lastKnownFileType = sourcecode.swift; path = Executable.swift; sourceTree = "<group>"; };
		1603ABB52899558400827F8C /* 242ValidAnagram.swift */ = {isa = PBXFileReference; lastKnownFileType = sourcecode.swift; path = 242ValidAnagram.swift; sourceTree = "<group>"; };
		1603ABB72899595A00827F8C /* Helper.swift */ = {isa = PBXFileReference; lastKnownFileType = sourcecode.swift; path = Helper.swift; sourceTree = "<group>"; };
		16FE1440290FF85B00F555BD /* HashMap.swift */ = {isa = PBXFileReference; lastKnownFileType = sourcecode.swift; path = HashMap.swift; sourceTree = "<group>"; };
		16FE14422910686F00F555BD /* FirstRecurringCharacter.swift */ = {isa = PBXFileReference; lastKnownFileType = sourcecode.swift; path = FirstRecurringCharacter.swift; sourceTree = "<group>"; };
/* End PBXFileReference section */

/* Begin PBXFrameworksBuildPhase section */
		1603ABA228994AE100827F8C /* Frameworks */ = {
			isa = PBXFrameworksBuildPhase;
			buildActionMask = 2147483647;
			files = (
			);
			runOnlyForDeploymentPostprocessing = 0;
		};
/* End PBXFrameworksBuildPhase section */

/* Begin PBXGroup section */
		1603AB9C28994AE100827F8C = {
			isa = PBXGroup;
			children = (
				16FE143F290FF84800F555BD /* DataStructures */,
				1603ABA728994AE100827F8C /* Algorithms */,
				1603ABA628994AE100827F8C /* Products */,
			);
			sourceTree = "<group>";
		};
		1603ABA628994AE100827F8C /* Products */ = {
			isa = PBXGroup;
			children = (
				1603ABA528994AE100827F8C /* Algorithms */,
			);
			name = Products;
			sourceTree = "<group>";
		};
		1603ABA728994AE100827F8C /* Algorithms */ = {
			isa = PBXGroup;
			children = (
				1603ABB128994C8100827F8C /* 217ContainsDuplicate.swift */,
				1603ABB52899558400827F8C /* 242ValidAnagram.swift */,
				1603ABB328994CD300827F8C /* Executable.swift */,
				16FE14422910686F00F555BD /* FirstRecurringCharacter.swift */,
				1603ABB72899595A00827F8C /* Helper.swift */,
				1603ABA828994AE100827F8C /* main.swift */,
			);
			path = Algorithms;
			sourceTree = "<group>";
		};
		16FE143F290FF84800F555BD /* DataStructures */ = {
			isa = PBXGroup;
			children = (
				16FE1440290FF85B00F555BD /* HashMap.swift */,
			);
			path = DataStructures;
			sourceTree = "<group>";
		};
/* End PBXGroup section */

/* Begin PBXNativeTarget section */
		1603ABA428994AE100827F8C /* Algorithms */ = {
			isa = PBXNativeTarget;
			buildConfigurationList = 1603ABAC28994AE100827F8C /* Build configuration list for PBXNativeTarget "Algorithms" */;
			buildPhases = (
				1603ABA128994AE100827F8C /* Sources */,
				1603ABA228994AE100827F8C /* Frameworks */,
				1603ABA328994AE100827F8C /* CopyFiles */,
			);
			buildRules = (
			);
			dependencies = (
			);
			name = Algorithms;
			productName = Algorithms;
			productReference = 1603ABA528994AE100827F8C /* Algorithms */;
			productType = "com.apple.product-type.tool";
		};
/* End PBXNativeTarget section */

/* Begin PBXProject section */
		1603AB9D28994AE100827F8C /* Project object */ = {
			isa = PBXProject;
			attributes = {
				BuildIndependentTargetsInParallel = 1;
				LastSwiftUpdateCheck = 1400;
				LastUpgradeCheck = 1400;
				TargetAttributes = {
					1603ABA428994AE100827F8C = {
						CreatedOnToolsVersion = 14.0;
					};
				};
			};
			buildConfigurationList = 1603ABA028994AE100827F8C /* Build configuration list for PBXProject "Algorithms" */;
			compatibilityVersion = "Xcode 14.0";
			developmentRegion = en;
			hasScannedForEncodings = 0;
			knownRegions = (
				en,
				Base,
			);
			mainGroup = 1603AB9C28994AE100827F8C;
			productRefGroup = 1603ABA628994AE100827F8C /* Products */;
			projectDirPath = "";
			projectRoot = "";
			targets = (
				1603ABA428994AE100827F8C /* Algorithms */,
			);
		};
/* End PBXProject section */

/* Begin PBXSourcesBuildPhase section */
		1603ABA128994AE100827F8C /* Sources */ = {
			isa = PBXSourcesBuildPhase;
			buildActionMask = 2147483647;
			files = (
				1603ABA928994AE100827F8C /* main.swift in Sources */,
				1603ABB228994C8100827F8C /* 217ContainsDuplicate.swift in Sources */,
				16FE1441290FF85B00F555BD /* HashMap.swift in Sources */,
				1603ABB82899595A00827F8C /* Helper.swift in Sources */,
				16FE14432910686F00F555BD /* FirstRecurringCharacter.swift in Sources */,
				1603ABB428994CD300827F8C /* Executable.swift in Sources */,
				1603ABB62899558400827F8C /* 242ValidAnagram.swift in Sources */,
			);
			runOnlyForDeploymentPostprocessing = 0;
		};
/* End PBXSourcesBuildPhase section */

/* Begin XCBuildConfiguration section */
		1603ABAA28994AE100827F8C /* Debug */ = {
			isa = XCBuildConfiguration;
			buildSettings = {
				ALWAYS_SEARCH_USER_PATHS = NO;
				CLANG_ANALYZER_NONNULL = YES;
				CLANG_ANALYZER_NUMBER_OBJECT_CONVERSION = YES_AGGRESSIVE;
				CLANG_CXX_LANGUAGE_STANDARD = "gnu++20";
				CLANG_ENABLE_MODULES = YES;
				CLANG_ENABLE_OBJC_ARC = YES;
				CLANG_ENABLE_OBJC_WEAK = YES;
				CLANG_WARN_BLOCK_CAPTURE_AUTORELEASING = YES;
				CLANG_WARN_BOOL_CONVERSION = YES;
				CLANG_WARN_COMMA = YES;
				CLANG_WARN_CONSTANT_CONVERSION = YES;
				CLANG_WARN_DEPRECATED_OBJC_IMPLEMENTATIONS = YES;
				CLANG_WARN_DIRECT_OBJC_ISA_USAGE = YES_ERROR;
				CLANG_WARN_DOCUMENTATION_COMMENTS = YES;
				CLANG_WARN_EMPTY_BODY = YES;
				CLANG_WARN_ENUM_CONVERSION = YES;
				CLANG_WARN_INFINITE_RECURSION = YES;
				CLANG_WARN_INT_CONVERSION = YES;
				CLANG_WARN_NON_LITERAL_NULL_CONVERSION = YES;
				CLANG_WARN_OBJC_IMPLICIT_RETAIN_SELF = YES;
				CLANG_WARN_OBJC_LITERAL_CONVERSION = YES;
				CLANG_WARN_OBJC_ROOT_CLASS = YES_ERROR;
				CLANG_WARN_QUOTED_INCLUDE_IN_FRAMEWORK_HEADER = YES;
				CLANG_WARN_RANGE_LOOP_ANALYSIS = YES;
				CLANG_WARN_STRICT_PROTOTYPES = YES;
				CLANG_WARN_SUSPICIOUS_MOVE = YES;
				CLANG_WARN_UNGUARDED_AVAILABILITY = YES_AGGRESSIVE;
				CLANG_WARN_UNREACHABLE_CODE = YES;
				CLANG_WARN__DUPLICATE_METHOD_MATCH = YES;
				COPY_PHASE_STRIP = NO;
				DEBUG_INFORMATION_FORMAT = dwarf;
				ENABLE_STRICT_OBJC_MSGSEND = YES;
				ENABLE_TESTABILITY = YES;
				GCC_C_LANGUAGE_STANDARD = gnu11;
				GCC_DYNAMIC_NO_PIC = NO;
				GCC_NO_COMMON_BLOCKS = YES;
				GCC_OPTIMIZATION_LEVEL = 0;
				GCC_PREPROCESSOR_DEFINITIONS = (
					"DEBUG=1",
					"$(inherited)",
				);
				GCC_WARN_64_TO_32_BIT_CONVERSION = YES;
				GCC_WARN_ABOUT_RETURN_TYPE = YES_ERROR;
				GCC_WARN_UNDECLARED_SELECTOR = YES;
				GCC_WARN_UNINITIALIZED_AUTOS = YES_AGGRESSIVE;
				GCC_WARN_UNUSED_FUNCTION = YES;
				GCC_WARN_UNUSED_VARIABLE = YES;
				MACOSX_DEPLOYMENT_TARGET = 12.3;
				MTL_ENABLE_DEBUG_INFO = INCLUDE_SOURCE;
				MTL_FAST_MATH = YES;
				ONLY_ACTIVE_ARCH = YES;
				SDKROOT = macosx;
				SWIFT_ACTIVE_COMPILATION_CONDITIONS = DEBUG;
				SWIFT_OPTIMIZATION_LEVEL = "-Onone";
			};
			name = Debug;
		};
		1603ABAB28994AE100827F8C /* Release */ = {
			isa = XCBuildConfiguration;
			buildSettings = {
				ALWAYS_SEARCH_USER_PATHS = NO;
				CLANG_ANALYZER_NONNULL = YES;
				CLANG_ANALYZER_NUMBER_OBJECT_CONVERSION = YES_AGGRESSIVE;
				CLANG_CXX_LANGUAGE_STANDARD = "gnu++20";
				CLANG_ENABLE_MODULES = YES;
				CLANG_ENABLE_OBJC_ARC = YES;
				CLANG_ENABLE_OBJC_WEAK = YES;
				CLANG_WARN_BLOCK_CAPTURE_AUTORELEASING = YES;
				CLANG_WARN_BOOL_CONVERSION = YES;
				CLANG_WARN_COMMA = YES;
				CLANG_WARN_CONSTANT_CONVERSION = YES;
				CLANG_WARN_DEPRECATED_OBJC_IMPLEMENTATIONS = YES;
				CLANG_WARN_DIRECT_OBJC_ISA_USAGE = YES_ERROR;
				CLANG_WARN_DOCUMENTATION_COMMENTS = YES;
				CLANG_WARN_EMPTY_BODY = YES;
				CLANG_WARN_ENUM_CONVERSION = YES;
				CLANG_WARN_INFINITE_RECURSION = YES;
				CLANG_WARN_INT_CONVERSION = YES;
				CLANG_WARN_NON_LITERAL_NULL_CONVERSION = YES;
				CLANG_WARN_OBJC_IMPLICIT_RETAIN_SELF = YES;
				CLANG_WARN_OBJC_LITERAL_CONVERSION = YES;
				CLANG_WARN_OBJC_ROOT_CLASS = YES_ERROR;
				CLANG_WARN_QUOTED_INCLUDE_IN_FRAMEWORK_HEADER = YES;
				CLANG_WARN_RANGE_LOOP_ANALYSIS = YES;
				CLANG_WARN_STRICT_PROTOTYPES = YES;
				CLANG_WARN_SUSPICIOUS_MOVE = YES;
				CLANG_WARN_UNGUARDED_AVAILABILITY = YES_AGGRESSIVE;
				CLANG_WARN_UNREACHABLE_CODE = YES;
				CLANG_WARN__DUPLICATE_METHOD_MATCH = YES;
				COPY_PHASE_STRIP = NO;
				DEBUG_INFORMATION_FORMAT = "dwarf-with-dsym";
				ENABLE_NS_ASSERTIONS = NO;
				ENABLE_STRICT_OBJC_MSGSEND = YES;
				GCC_C_LANGUAGE_STANDARD = gnu11;
				GCC_NO_COMMON_BLOCKS = YES;
				GCC_WARN_64_TO_32_BIT_CONVERSION = YES;
				GCC_WARN_ABOUT_RETURN_TYPE = YES_ERROR;
				GCC_WARN_UNDECLARED_SELECTOR = YES;
				GCC_WARN_UNINITIALIZED_AUTOS = YES_AGGRESSIVE;
				GCC_WARN_UNUSED_FUNCTION = YES;
				GCC_WARN_UNUSED_VARIABLE = YES;
				MACOSX_DEPLOYMENT_TARGET = 12.3;
				MTL_ENABLE_DEBUG_INFO = NO;
				MTL_FAST_MATH = YES;
				SDKROOT = macosx;
				SWIFT_COMPILATION_MODE = wholemodule;
				SWIFT_OPTIMIZATION_LEVEL = "-O";
			};
			name = Release;
		};
		1603ABAD28994AE100827F8C /* Debug */ = {
			isa = XCBuildConfiguration;
			buildSettings = {
				CODE_SIGN_STYLE = Automatic;
				DEVELOPMENT_TEAM = M9S9DP25NB;
				ENABLE_HARDENED_RUNTIME = YES;
				PRODUCT_NAME = "$(TARGET_NAME)";
				SWIFT_VERSION = 5.0;
			};
			name = Debug;
		};
		1603ABAE28994AE100827F8C /* Release */ = {
			isa = XCBuildConfiguration;
			buildSettings = {
				CODE_SIGN_STYLE = Automatic;
				DEVELOPMENT_TEAM = M9S9DP25NB;
				ENABLE_HARDENED_RUNTIME = YES;
				PRODUCT_NAME = "$(TARGET_NAME)";
				SWIFT_VERSION = 5.0;
			};
			name = Release;
		};
/* End XCBuildConfiguration section */

/* Begin XCConfigurationList section */
		1603ABA028994AE100827F8C /* Build configuration list for PBXProject "Algorithms" */ = {
			isa = XCConfigurationList;
			buildConfigurations = (
				1603ABAA28994AE100827F8C /* Debug */,
				1603ABAB28994AE100827F8C /* Release */,
			);
			defaultConfigurationIsVisible = 0;
			defaultConfigurationName = Release;
		};
		1603ABAC28994AE100827F8C /* Build configuration list for PBXNativeTarget "Algorithms" */ = {
			isa = XCConfigurationList;
			buildConfigurations = (
				1603ABAD28994AE100827F8C /* Debug */,
				1603ABAE28994AE100827F8C /* Release */,
			);
			defaultConfigurationIsVisible = 0;
			defaultConfigurationName = Release;
		};
/* End XCConfigurationList section */
	};
	rootObject = 1603AB9D28994AE100827F8C /* Project object */;
}
